
Microsoft Visual Studio Solution File, Format Version 12.00
# Visual Studio 2012
Project("{8BC9CEB8-8B4A-11D0-8D11-00A0C91BC942}") = "TestLG1_29STL", "TestLG1_29STL\TestLG1_29STL.vcxproj", "{8CBD07F5-A22A-4E2D-AFA0-853F0DA363C1}"
EndProject
Global
	GlobalSection(SolutionConfigurationPlatforms) = preSolution
		Debug|Win32 = Debug|Win32
		Release|Win32 = Release|Win32
	EndGlobalSection
	GlobalSection(ProjectConfigurationPlatforms) = postSolution
		{8CBD07F5-A22A-4E2D-AFA0-853F0DA363C1}.Debug|Win32.ActiveCfg = Debug|Win32
		{8CBD07F5-A22A-4E2D-AFA0-853F0DA363C1}.Debug|Win32.Build.0 = Debug|Win32
		{8CBD07F5-A22A-4E2D-AFA0-853F0DA363C1}.Release|Win32.ActiveCfg = Release|Win32
		{8CBD07F5-A22A-4E2D-AFA0-853F0DA363C1}.Release|Win32.Build.0 = Release|Win32
	EndGlobalSection
	GlobalSection(SolutionProperties) = preSolution
		HideSolutionNode = FALSE
	EndGlobalSection
EndGlobal
